
Microsoft Visual Studio Solution File, Format Version 12.00
# Visual Studio Version 17
VisualStudioVersion = 17.4.33213.308
MinimumVisualStudioVersion = 10.0.40219.1
Project("{FAE04EC0-301F-11D3-BF4B-00C04F79EFBC}") = "KKCarpoolMNGMNT", "KKCarpoolMNGMNT\KKCarpoolMNGMNT.csproj", "{45701661-5898-47A2-9617-45FAD4321382}"
EndProject
Project("{2150E333-8FDC-42A3-9474-1A3956D46DE8}") = "Program", "Program", "{5CA93694-F285-469F-AC80-50C87E242D11}"
EndProject
Global
	GlobalSection(SolutionConfigurationPlatforms) = preSolution
		Debug|Any CPU = Debug|Any CPU
		Release|Any CPU = Release|Any CPU
	EndGlobalSection
	GlobalSection(ProjectConfigurationPlatforms) = postSolution
		{45701661-5898-47A2-9617-45FAD4321382}.Debug|Any CPU.ActiveCfg = Debug|Any CPU
		{45701661-5898-47A2-9617-45FAD4321382}.Debug|Any CPU.Build.0 = Debug|Any CPU
		{45701661-5898-47A2-9617-45FAD4321382}.Release|Any CPU.ActiveCfg = Release|Any CPU
		{45701661-5898-47A2-9617-45FAD4321382}.Release|Any CPU.Build.0 = Release|Any CPU
	EndGlobalSection
	GlobalSection(SolutionProperties) = preSolution
		HideSolutionNode = FALSE
	EndGlobalSection
	GlobalSection(NestedProjects) = preSolution
		{45701661-5898-47A2-9617-45FAD4321382} = {5CA93694-F285-469F-AC80-50C87E242D11}
	EndGlobalSection
	GlobalSection(ExtensibilityGlobals) = postSolution
		SolutionGuid = {CA5C26B7-FE1C-4EFB-ABF8-0152E98C670E}
	EndGlobalSection
EndGlobal
